// !$*UTF8*$!
{
	archiveVersion = 1;
	classes = {
	};
	objectVersion = 46;
	objects = {

/* Begin PBXBuildFile section */
		024F8AB9198464AA00E9DEB8 /* AppDelegate.swift in Sources */ = {isa = PBXBuildFile; fileRef = 024F8AB8198464AA00E9DEB8 /* AppDelegate.swift */; };
		024F8ABB198464AA00E9DEB8 /* SearchResultsViewController.swift in Sources */ = {isa = PBXBuildFile; fileRef = 024F8ABA198464AA00E9DEB8 /* SearchResultsViewController.swift */; };
		024F8ABE198464AA00E9DEB8 /* Main.storyboard in Resources */ = {isa = PBXBuildFile; fileRef = 024F8ABC198464AA00E9DEB8 /* Main.storyboard */; };
		024F8AC0198464AA00E9DEB8 /* Images.xcassets in Resources */ = {isa = PBXBuildFile; fileRef = 024F8ABF198464AA00E9DEB8 /* Images.xcassets */; };
		024F8ACC198464AA00E9DEB8 /* HelloWorldTests.swift in Sources */ = {isa = PBXBuildFile; fileRef = 024F8ACB198464AA00E9DEB8 /* HelloWorldTests.swift */; };
		024F8AD619846FC100E9DEB8 /* APIController.swift in Sources */ = {isa = PBXBuildFile; fileRef = 024F8AD519846FC100E9DEB8 /* APIController.swift */; };
		024F8AD8198482D000E9DEB8 /* Blank52.png in Resources */ = {isa = PBXBuildFile; fileRef = 024F8AD7198482D000E9DEB8 /* Blank52.png */; };
		024F8ADA19848E1E00E9DEB8 /* Album.swift in Sources */ = {isa = PBXBuildFile; fileRef = 024F8AD919848E1E00E9DEB8 /* Album.swift */; };
		024F8ADC1984946C00E9DEB8 /* DetailsViewController.swift in Sources */ = {isa = PBXBuildFile; fileRef = 024F8ADB1984946C00E9DEB8 /* DetailsViewController.swift */; };
		024F8ADE19852C0200E9DEB8 /* Track.swift in Sources */ = {isa = PBXBuildFile; fileRef = 024F8ADD19852C0200E9DEB8 /* Track.swift */; };
		024F8AE0198532B800E9DEB8 /* TrackCell.swift in Sources */ = {isa = PBXBuildFile; fileRef = 024F8ADF198532B800E9DEB8 /* TrackCell.swift */; };
/* End PBXBuildFile section */

/* Begin PBXContainerItemProxy section */
		024F8AC6198464AA00E9DEB8 /* PBXContainerItemProxy */ = {
			isa = PBXContainerItemProxy;
			containerPortal = 024F8AAB198464AA00E9DEB8 /* Project object */;
			proxyType = 1;
			remoteGlobalIDString = 024F8AB2198464AA00E9DEB8;
			remoteInfo = HelloWorld;
		};
/* End PBXContainerItemProxy section */

/* Begin PBXFileReference section */
		024F8AB3198464AA00E9DEB8 /* MusicSearchTutorial.app */ = {isa = PBXFileReference; explicitFileType = wrapper.application; includeInIndex = 0; path = MusicSearchTutorial.app; sourceTree = BUILT_PRODUCTS_DIR; };
		024F8AB7198464AA00E9DEB8 /* Info.plist */ = {isa = PBXFileReference; lastKnownFileType = text.plist.xml; path = Info.plist; sourceTree = "<group>"; };
		024F8AB8198464AA00E9DEB8 /* AppDelegate.swift */ = {isa = PBXFileReference; lastKnownFileType = sourcecode.swift; path = AppDelegate.swift; sourceTree = "<group>"; };
		024F8ABA198464AA00E9DEB8 /* SearchResultsViewController.swift */ = {isa = PBXFileReference; lastKnownFileType = sourcecode.swift; path = SearchResultsViewController.swift; sourceTree = "<group>"; };
		024F8ABD198464AA00E9DEB8 /* Base */ = {isa = PBXFileReference; lastKnownFileType = file.storyboard; name = Base; path = Base.lproj/Main.storyboard; sourceTree = "<group>"; };
		024F8ABF198464AA00E9DEB8 /* Images.xcassets */ = {isa = PBXFileReference; lastKnownFileType = folder.assetcatalog; path = Images.xcassets; sourceTree = "<group>"; };
		024F8AC5198464AA00E9DEB8 /* MusicSearchTutorialTests.xctest */ = {isa = PBXFileReference; explicitFileType = wrapper.cfbundle; includeInIndex = 0; path = MusicSearchTutorialTests.xctest; sourceTree = BUILT_PRODUCTS_DIR; };
		024F8ACA198464AA00E9DEB8 /* Info.plist */ = {isa = PBXFileReference; lastKnownFileType = text.plist.xml; path = Info.plist; sourceTree = "<group>"; };
		024F8ACB198464AA00E9DEB8 /* HelloWorldTests.swift */ = {isa = PBXFileReference; lastKnownFileType = sourcecode.swift; path = HelloWorldTests.swift; sourceTree = "<group>"; };
		024F8AD519846FC100E9DEB8 /* APIController.swift */ = {isa = PBXFileReference; fileEncoding = 4; lastKnownFileType = sourcecode.swift; path = APIController.swift; sourceTree = "<group>"; };
		024F8AD7198482D000E9DEB8 /* Blank52.png */ = {isa = PBXFileReference; lastKnownFileType = image.png; path = Blank52.png; sourceTree = "<group>"; };
		024F8AD919848E1E00E9DEB8 /* Album.swift */ = {isa = PBXFileReference; fileEncoding = 4; lastKnownFileType = sourcecode.swift; path = Album.swift; sourceTree = "<group>"; };
		024F8ADB1984946C00E9DEB8 /* DetailsViewController.swift */ = {isa = PBXFileReference; fileEncoding = 4; lastKnownFileType = sourcecode.swift; path = DetailsViewController.swift; sourceTree = "<group>"; };
		024F8ADD19852C0200E9DEB8 /* Track.swift */ = {isa = PBXFileReference; fileEncoding = 4; lastKnownFileType = sourcecode.swift; path = Track.swift; sourceTree = "<group>"; };
		024F8ADF198532B800E9DEB8 /* TrackCell.swift */ = {isa = PBXFileReference; fileEncoding = 4; lastKnownFileType = sourcecode.swift; path = TrackCell.swift; sourceTree = "<group>"; };
/* End PBXFileReference section */

/* Begin PBXFrameworksBuildPhase section */
		024F8AB0198464AA00E9DEB8 /* Frameworks */ = {
			isa = PBXFrameworksBuildPhase;
			buildActionMask = 2147483647;
			files = (
			);
			runOnlyForDeploymentPostprocessing = 0;
		};
		024F8AC2198464AA00E9DEB8 /* Frameworks */ = {
			isa = PBXFrameworksBuildPhase;
			buildActionMask = 2147483647;
			files = (
			);
			runOnlyForDeploymentPostprocessing = 0;
		};
/* End PBXFrameworksBuildPhase section */

/* Begin PBXGroup section */
		024F8AAA198464AA00E9DEB8 = {
			isa = PBXGroup;
			children = (
				024F8AB5198464AA00E9DEB8 /* MusicSearchTutorial */,
				024F8AC8198464AA00E9DEB8 /* MusicSearchTutorialTests */,
				024F8AB4198464AA00E9DEB8 /* Products */,
			);
			sourceTree = "<group>";
		};
		024F8AB4198464AA00E9DEB8 /* Products */ = {
			isa = PBXGroup;
			children = (
				024F8AB3198464AA00E9DEB8 /* MusicSearchTutorial.app */,
				024F8AC5198464AA00E9DEB8 /* MusicSearchTutorialTests.xctest */,
			);
			name = Products;
			sourceTree = "<group>";
		};
		024F8AB5198464AA00E9DEB8 /* MusicSearchTutorial */ = {
			isa = PBXGroup;
			children = (
				024F8AD7198482D000E9DEB8 /* Blank52.png */,
				024F8AB8198464AA00E9DEB8 /* AppDelegate.swift */,
				024F8ABA198464AA00E9DEB8 /* SearchResultsViewController.swift */,
				024F8ABC198464AA00E9DEB8 /* Main.storyboard */,
				024F8ABF198464AA00E9DEB8 /* Images.xcassets */,
				024F8AB6198464AA00E9DEB8 /* Supporting Files */,
				024F8AD519846FC100E9DEB8 /* APIController.swift */,
				024F8AD919848E1E00E9DEB8 /* Album.swift */,
				024F8ADB1984946C00E9DEB8 /* DetailsViewController.swift */,
				024F8ADD19852C0200E9DEB8 /* Track.swift */,
				024F8ADF198532B800E9DEB8 /* TrackCell.swift */,
			);
			name = MusicSearchTutorial;
			path = HelloWorld;
			sourceTree = "<group>";
		};
		024F8AB6198464AA00E9DEB8 /* Supporting Files */ = {
			isa = PBXGroup;
			children = (
				024F8AB7198464AA00E9DEB8 /* Info.plist */,
			);
			name = "Supporting Files";
			sourceTree = "<group>";
		};
		024F8AC8198464AA00E9DEB8 /* MusicSearchTutorialTests */ = {
			isa = PBXGroup;
			children = (
				024F8ACB198464AA00E9DEB8 /* HelloWorldTests.swift */,
				024F8AC9198464AA00E9DEB8 /* Supporting Files */,
			);
			name = MusicSearchTutorialTests;
			path = HelloWorldTests;
			sourceTree = "<group>";
		};
		024F8AC9198464AA00E9DEB8 /* Supporting Files */ = {
			isa = PBXGroup;
			children = (
				024F8ACA198464AA00E9DEB8 /* Info.plist */,
			);
			name = "Supporting Files";
			sourceTree = "<group>";
		};
/* End PBXGroup section */

/* Begin PBXNativeTarget section */
		024F8AB2198464AA00E9DEB8 /* MusicSearchTutorial */ = {
			isa = PBXNativeTarget;
			buildConfigurationList = 024F8ACF198464AA00E9DEB8 /* Build configuration list for PBXNativeTarget "MusicSearchTutorial" */;
			buildPhases = (
				024F8AAF198464AA00E9DEB8 /* Sources */,
				024F8AB0198464AA00E9DEB8 /* Frameworks */,
				024F8AB1198464AA00E9DEB8 /* Resources */,
			);
			buildRules = (
			);
			dependencies = (
			);
			name = MusicSearchTutorial;
			productName = HelloWorld;
			productReference = 024F8AB3198464AA00E9DEB8 /* MusicSearchTutorial.app */;
			productType = "com.apple.product-type.application";
		};
		024F8AC4198464AA00E9DEB8 /* MusicSearchTutorialTests */ = {
			isa = PBXNativeTarget;
			buildConfigurationList = 024F8AD2198464AA00E9DEB8 /* Build configuration list for PBXNativeTarget "MusicSearchTutorialTests" */;
			buildPhases = (
				024F8AC1198464AA00E9DEB8 /* Sources */,
				024F8AC2198464AA00E9DEB8 /* Frameworks */,
				024F8AC3198464AA00E9DEB8 /* Resources */,
			);
			buildRules = (
			);
			dependencies = (
				024F8AC7198464AA00E9DEB8 /* PBXTargetDependency */,
			);
			name = MusicSearchTutorialTests;
			productName = HelloWorldTests;
			productReference = 024F8AC5198464AA00E9DEB8 /* MusicSearchTutorialTests.xctest */;
			productType = "com.apple.product-type.bundle.unit-test";
		};
/* End PBXNativeTarget section */

/* Begin PBXProject section */
		024F8AAB198464AA00E9DEB8 /* Project object */ = {
			isa = PBXProject;
			attributes = {
				LastUpgradeCheck = 0600;
				ORGANIZATIONNAME = "JQ Software";
				TargetAttributes = {
					024F8AB2198464AA00E9DEB8 = {
						CreatedOnToolsVersion = 6.0;
					};
					024F8AC4198464AA00E9DEB8 = {
						CreatedOnToolsVersion = 6.0;
						TestTargetID = 024F8AB2198464AA00E9DEB8;
					};
				};
			};
			buildConfigurationList = 024F8AAE198464AA00E9DEB8 /* Build configuration list for PBXProject "MusicSearchTutorial" */;
			compatibilityVersion = "Xcode 3.2";
			developmentRegion = English;
			hasScannedForEncodings = 0;
			knownRegions = (
				en,
				Base,
			);
			mainGroup = 024F8AAA198464AA00E9DEB8;
			productRefGroup = 024F8AB4198464AA00E9DEB8 /* Products */;
			projectDirPath = "";
			projectRoot = "";
			targets = (
				024F8AB2198464AA00E9DEB8 /* MusicSearchTutorial */,
				024F8AC4198464AA00E9DEB8 /* MusicSearchTutorialTests */,
			);
		};
/* End PBXProject section */

/* Begin PBXResourcesBuildPhase section */
		024F8AB1198464AA00E9DEB8 /* Resources */ = {
			isa = PBXResourcesBuildPhase;
			buildActionMask = 2147483647;
			files = (
				024F8AD8198482D000E9DEB8 /* Blank52.png in Resources */,
				024F8ABE198464AA00E9DEB8 /* Main.storyboard in Resources */,
				024F8AC0198464AA00E9DEB8 /* Images.xcassets in Resources */,
			);
			runOnlyForDeploymentPostprocessing = 0;
		};
		024F8AC3198464AA00E9DEB8 /* Resources */ = {
			isa = PBXResourcesBuildPhase;
			buildActionMask = 2147483647;
			files = (
			);
			runOnlyForDeploymentPostprocessing = 0;
		};
/* End PBXResourcesBuildPhase section */

/* Begin PBXSourcesBuildPhase section */
		024F8AAF198464AA00E9DEB8 /* Sources */ = {
			isa = PBXSourcesBuildPhase;
			buildActionMask = 2147483647;
			files = (
				024F8AE0198532B800E9DEB8 /* TrackCell.swift in Sources */,
				024F8ABB198464AA00E9DEB8 /* SearchResultsViewController.swift in Sources */,
				024F8AB9198464AA00E9DEB8 /* AppDelegate.swift in Sources */,
				024F8AD619846FC100E9DEB8 /* APIController.swift in Sources */,
				024F8ADA19848E1E00E9DEB8 /* Album.swift in Sources */,
				024F8ADC1984946C00E9DEB8 /* DetailsViewController.swift in Sources */,
				024F8ADE19852C0200E9DEB8 /* Track.swift in Sources */,
			);
			runOnlyForDeploymentPostprocessing = 0;
		};
		024F8AC1198464AA00E9DEB8 /* Sources */ = {
			isa = PBXSourcesBuildPhase;
			buildActionMask = 2147483647;
			files = (
				024F8ACC198464AA00E9DEB8 /* HelloWorldTests.swift in Sources */,
			);
			runOnlyForDeploymentPostprocessing = 0;
		};
/* End PBXSourcesBuildPhase section */

/* Begin PBXTargetDependency section */
		024F8AC7198464AA00E9DEB8 /* PBXTargetDependency */ = {
			isa = PBXTargetDependency;
			target = 024F8AB2198464AA00E9DEB8 /* MusicSearchTutorial */;
			targetProxy = 024F8AC6198464AA00E9DEB8 /* PBXContainerItemProxy */;
		};
/* End PBXTargetDependency section */

/* Begin PBXVariantGroup section */
		024F8ABC198464AA00E9DEB8 /* Main.storyboard */ = {
			isa = PBXVariantGroup;
			children = (
				024F8ABD198464AA00E9DEB8 /* Base */,
			);
			name = Main.storyboard;
			sourceTree = "<group>";
		};
/* End PBXVariantGroup section */

/* Begin XCBuildConfiguration section */
		024F8ACD198464AA00E9DEB8 /* Debug */ = {
			isa = XCBuildConfiguration;
			buildSettings = {
				ALWAYS_SEARCH_USER_PATHS = NO;
				CLANG_CXX_LANGUAGE_STANDARD = "gnu++0x";
				CLANG_CXX_LIBRARY = "libc++";
				CLANG_ENABLE_MODULES = YES;
				CLANG_ENABLE_OBJC_ARC = YES;
				CLANG_WARN_BOOL_CONVERSION = YES;
				CLANG_WARN_CONSTANT_CONVERSION = YES;
				CLANG_WARN_DIRECT_OBJC_ISA_USAGE = YES_ERROR;
				CLANG_WARN_EMPTY_BODY = YES;
				CLANG_WARN_ENUM_CONVERSION = YES;
				CLANG_WARN_INT_CONVERSION = YES;
				CLANG_WARN_OBJC_ROOT_CLASS = YES_ERROR;
				CLANG_WARN_UNREACHABLE_CODE = YES;
				CLANG_WARN__DUPLICATE_METHOD_MATCH = YES;
				"CODE_SIGN_IDENTITY[sdk=iphoneos*]" = "iPhone Developer";
				COPY_PHASE_STRIP = NO;
				ENABLE_STRICT_OBJC_MSGSEND = YES;
				GCC_C_LANGUAGE_STANDARD = gnu99;
				GCC_DYNAMIC_NO_PIC = NO;
				GCC_OPTIMIZATION_LEVEL = 0;
				GCC_PREPROCESSOR_DEFINITIONS = (
					"DEBUG=1",
					"$(inherited)",
				);
				GCC_SYMBOLS_PRIVATE_EXTERN = NO;
				GCC_WARN_64_TO_32_BIT_CONVERSION = YES;
				GCC_WARN_ABOUT_RETURN_TYPE = YES_ERROR;
				GCC_WARN_UNDECLARED_SELECTOR = YES;
				GCC_WARN_UNINITIALIZED_AUTOS = YES_AGGRESSIVE;
				GCC_WARN_UNUSED_FUNCTION = YES;
				GCC_WARN_UNUSED_VARIABLE = YES;
				IPHONEOS_DEPLOYMENT_TARGET = 8.0;
				MTL_ENABLE_DEBUG_INFO = YES;
				ONLY_ACTIVE_ARCH = YES;
				SDKROOT = iphoneos;
				SWIFT_OPTIMIZATION_LEVEL = "-Onone";
			};
			name = Debug;
		};
		024F8ACE198464AA00E9DEB8 /* Release */ = {
			isa = XCBuildConfiguration;
			buildSettings = {
				ALWAYS_SEARCH_USER_PATHS = NO;
				CLANG_CXX_LANGUAGE_STANDARD = "gnu++0x";
				CLANG_CXX_LIBRARY = "libc++";
				CLANG_ENABLE_MODULES = YES;
				CLANG_ENABLE_OBJC_ARC = YES;
				CLANG_WARN_BOOL_CONVERSION = YES;
				CLANG_WARN_CONSTANT_CONVERSION = YES;
				CLANG_WARN_DIRECT_OBJC_ISA_USAGE = YES_ERROR;
				CLANG_WARN_EMPTY_BODY = YES;
				CLANG_WARN_ENUM_CONVERSION = YES;
				CLANG_WARN_INT_CONVERSION = YES;
				CLANG_WARN_OBJC_ROOT_CLASS = YES_ERROR;
				CLANG_WARN_UNREACHABLE_CODE = YES;
				CLANG_WARN__DUPLICATE_METHOD_MATCH = YES;
				"CODE_SIGN_IDENTITY[sdk=iphoneos*]" = "iPhone Developer";
				COPY_PHASE_STRIP = YES;
				ENABLE_NS_ASSERTIONS = NO;
				ENABLE_STRICT_OBJC_MSGSEND = YES;
				GCC_C_LANGUAGE_STANDARD = gnu99;
				GCC_WARN_64_TO_32_BIT_CONVERSION = YES;
				GCC_WARN_ABOUT_RETURN_TYPE = YES_ERROR;
				GCC_WARN_UNDECLARED_SELECTOR = YES;
				GCC_WARN_UNINITIALIZED_AUTOS = YES_AGGRESSIVE;
				GCC_WARN_UNUSED_FUNCTION = YES;
				GCC_WARN_UNUSED_VARIABLE = YES;
				IPHONEOS_DEPLOYMENT_TARGET = 8.0;
				MTL_ENABLE_DEBUG_INFO = NO;
				SDKROOT = iphoneos;
				VALIDATE_PRODUCT = YES;
			};
			name = Release;
		};
		024F8AD0198464AA00E9DEB8 /* Debug */ = {
			isa = XCBuildConfiguration;
			buildSettings = {
				ASSETCATALOG_COMPILER_APPICON_NAME = AppIcon;
				ASSETCATALOG_COMPILER_LAUNCHIMAGE_NAME = LaunchImage;
				INFOPLIST_FILE = HelloWorld/Info.plist;
				LD_RUNPATH_SEARCH_PATHS = "$(inherited) @executable_path/Frameworks";
				PRODUCT_NAME = MusicSearchTutorial;
			};
			name = Debug;
		};
		024F8AD1198464AA00E9DEB8 /* Release */ = {
			isa = XCBuildConfiguration;
			buildSettings = {
				ASSETCATALOG_COMPILER_APPICON_NAME = AppIcon;
				ASSETCATALOG_COMPILER_LAUNCHIMAGE_NAME = LaunchImage;
				INFOPLIST_FILE = HelloWorld/Info.plist;
				LD_RUNPATH_SEARCH_PATHS = "$(inherited) @executable_path/Frameworks";
				PRODUCT_NAME = MusicSearchTutorial;
			};
			name = Release;
		};
		024F8AD3198464AA00E9DEB8 /* Debug */ = {
			isa = XCBuildConfiguration;
			buildSettings = {
				BUNDLE_LOADER = "$(BUILT_PRODUCTS_DIR)/HelloWorld.app/HelloWorld";
				FRAMEWORK_SEARCH_PATHS = (
					"$(SDKROOT)/Developer/Library/Frameworks",
					"$(inherited)",
				);
				GCC_PREPROCESSOR_DEFINITIONS = (
					"DEBUG=1",
					"$(inherited)",
				);
				INFOPLIST_FILE = HelloWorldTests/Info.plist;
				LD_RUNPATH_SEARCH_PATHS = "$(inherited) @executable_path/Frameworks @loader_path/Frameworks";
				PRODUCT_NAME = MusicSearchTutorialTests;
				TEST_HOST = "$(BUNDLE_LOADER)";
			};
			name = Debug;
		};
		024F8AD4198464AA00E9DEB8 /* Release */ = {
			isa = XCBuildConfiguration;
			buildSettings = {
				BUNDLE_LOADER = "$(BUILT_PRODUCTS_DIR)/HelloWorld.app/HelloWorld";
				FRAMEWORK_SEARCH_PATHS = (
					"$(SDKROOT)/Developer/Library/Frameworks",
					"$(inherited)",
				);
				INFOPLIST_FILE = HelloWorldTests/Info.plist;
				LD_RUNPATH_SEARCH_PATHS = "$(inherited) @executable_path/Frameworks @loader_path/Frameworks";
				PRODUCT_NAME = MusicSearchTutorialTests;
				TEST_HOST = "$(BUNDLE_LOADER)";
			};
			name = Release;
		};
/* End XCBuildConfiguration section */

/* Begin XCConfigurationList section */
		024F8AAE198464AA00E9DEB8 /* Build configuration list for PBXProject "MusicSearchTutorial" */ = {
			isa = XCConfigurationList;
			buildConfigurations = (
				024F8ACD198464AA00E9DEB8 /* Debug */,
				024F8ACE198464AA00E9DEB8 /* Release */,
			);
			defaultConfigurationIsVisible = 0;
			defaultConfigurationName = Release;
		};
		024F8ACF198464AA00E9DEB8 /* Build configuration list for PBXNativeTarget "MusicSearchTutorial" */ = {
			isa = XCConfigurationList;
			buildConfigurations = (
				024F8AD0198464AA00E9DEB8 /* Debug */,
				024F8AD1198464AA00E9DEB8 /* Release */,
			);
			defaultConfigurationIsVisible = 0;
			defaultConfigurationName = Release;
		};
		024F8AD2198464AA00E9DEB8 /* Build configuration list for PBXNativeTarget "MusicSearchTutorialTests" */ = {
			isa = XCConfigurationList;
			buildConfigurations = (
				024F8AD3198464AA00E9DEB8 /* Debug */,
				024F8AD4198464AA00E9DEB8 /* Release */,
			);
			defaultConfigurationIsVisible = 0;
			defaultConfigurationName = Release;
		};
/* End XCConfigurationList section */
	};
	rootObject = 024F8AAB198464AA00E9DEB8 /* Project object */;
}
